
Microsoft Visual Studio Solution File, Format Version 12.00
# Visual Studio 2012
Project("{FAE04EC0-301F-11D3-BF4B-00C04F79EFBC}") = "HubCrawl.Core", "HubCrawl.Core\HubCrawl.Core.csproj", "{5D55840A-CACF-42DA-90D7-C750A1A399E8}"
EndProject
Project("{FAE04EC0-301F-11D3-BF4B-00C04F79EFBC}") = "HubCrawl", "HubCrawl\HubCrawl.csproj", "{1C8DB3C4-C802-4A53-B306-00131398A8FA}"
EndProject
Project("{FAE04EC0-301F-11D3-BF4B-00C04F79EFBC}") = "HubCrawl.Web", "HubCrawl.Web\HubCrawl.Web.csproj", "{7A7A131E-CFA6-4C9F-8697-5B44A8BF7C6E}"
EndProject
Global
	GlobalSection(SolutionConfigurationPlatforms) = preSolution
		Debug|Any CPU = Debug|Any CPU
		Release|Any CPU = Release|Any CPU
	EndGlobalSection
	GlobalSection(ProjectConfigurationPlatforms) = postSolution
		{5D55840A-CACF-42DA-90D7-C750A1A399E8}.Debug|Any CPU.ActiveCfg = Debug|Any CPU
		{5D55840A-CACF-42DA-90D7-C750A1A399E8}.Debug|Any CPU.Build.0 = Debug|Any CPU
		{5D55840A-CACF-42DA-90D7-C750A1A399E8}.Release|Any CPU.ActiveCfg = Release|Any CPU
		{5D55840A-CACF-42DA-90D7-C750A1A399E8}.Release|Any CPU.Build.0 = Release|Any CPU
		{1C8DB3C4-C802-4A53-B306-00131398A8FA}.Debug|Any CPU.ActiveCfg = Debug|Any CPU
		{1C8DB3C4-C802-4A53-B306-00131398A8FA}.Debug|Any CPU.Build.0 = Debug|Any CPU
		{1C8DB3C4-C802-4A53-B306-00131398A8FA}.Release|Any CPU.ActiveCfg = Release|Any CPU
		{1C8DB3C4-C802-4A53-B306-00131398A8FA}.Release|Any CPU.Build.0 = Release|Any CPU
		{7A7A131E-CFA6-4C9F-8697-5B44A8BF7C6E}.Debug|Any CPU.ActiveCfg = Debug|Any CPU
		{7A7A131E-CFA6-4C9F-8697-5B44A8BF7C6E}.Debug|Any CPU.Build.0 = Debug|Any CPU
		{7A7A131E-CFA6-4C9F-8697-5B44A8BF7C6E}.Release|Any CPU.ActiveCfg = Release|Any CPU
		{7A7A131E-CFA6-4C9F-8697-5B44A8BF7C6E}.Release|Any CPU.Build.0 = Release|Any CPU
	EndGlobalSection
	GlobalSection(SolutionProperties) = preSolution
		HideSolutionNode = FALSE
	EndGlobalSection
EndGlobal
